
Microsoft Visual Studio Solution File, Format Version 12.00
# Visual Studio Version 17
VisualStudioVersion = 17.7.34009.444
MinimumVisualStudioVersion = 10.0.40219.1
Project("{FAE04EC0-301F-11D3-BF4B-00C04F79EFBC}") = "csOOPformsProject", "csOOPformsProject.csproj", "{176ED132-8A90-44C6-8BA0-625EAB49F0AD}"
EndProject
Global
	GlobalSection(SolutionConfigurationPlatforms) = preSolution
		Debug|Any CPU = Debug|Any CPU
		Release|Any CPU = Release|Any CPU
	EndGlobalSection
	GlobalSection(ProjectConfigurationPlatforms) = postSolution
		{176ED132-8A90-44C6-8BA0-625EAB49F0AD}.Debug|Any CPU.ActiveCfg = Debug|Any CPU
		{176ED132-8A90-44C6-8BA0-625EAB49F0AD}.Debug|Any CPU.Build.0 = Debug|Any CPU
		{176ED132-8A90-44C6-8BA0-625EAB49F0AD}.Release|Any CPU.ActiveCfg = Release|Any CPU
		{176ED132-8A90-44C6-8BA0-625EAB49F0AD}.Release|Any CPU.Build.0 = Release|Any CPU
	EndGlobalSection
	GlobalSection(SolutionProperties) = preSolution
		HideSolutionNode = FALSE
	EndGlobalSection
	GlobalSection(ExtensibilityGlobals) = postSolution
		SolutionGuid = {B83751D2-0250-4638-A8E2-7C4C7B793622}
	EndGlobalSection
EndGlobal
